
Microsoft Visual Studio Solution File, Format Version 12.00
# Visual Studio Version 17
VisualStudioVersion = 17.9.34622.214
MinimumVisualStudioVersion = 10.0.40219.1
Project("{9A19103F-16F7-4668-BE54-9A1E7A4F7556}") = "ChoseYourDrink", "ChoseYourDrink\ChoseYourDrink.csproj", "{F43615FE-6674-4C9F-BF13-B3247900A2EA}"
EndProject
Global
	GlobalSection(SolutionConfigurationPlatforms) = preSolution
		Debug|Any CPU = Debug|Any CPU
		Release|Any CPU = Release|Any CPU
	EndGlobalSection
	GlobalSection(ProjectConfigurationPlatforms) = postSolution
		{F43615FE-6674-4C9F-BF13-B3247900A2EA}.Debug|Any CPU.ActiveCfg = Debug|Any CPU
		{F43615FE-6674-4C9F-BF13-B3247900A2EA}.Debug|Any CPU.Build.0 = Debug|Any CPU
		{F43615FE-6674-4C9F-BF13-B3247900A2EA}.Release|Any CPU.ActiveCfg = Release|Any CPU
		{F43615FE-6674-4C9F-BF13-B3247900A2EA}.Release|Any CPU.Build.0 = Release|Any CPU
	EndGlobalSection
	GlobalSection(SolutionProperties) = preSolution
		HideSolutionNode = FALSE
	EndGlobalSection
	GlobalSection(ExtensibilityGlobals) = postSolution
		SolutionGuid = {FF4C5D49-B464-400A-A9CD-1576A182F419}
	EndGlobalSection
EndGlobal
